
Microsoft Visual Studio Solution File, Format Version 12.00
# Visual Studio Version 17
VisualStudioVersion = 17.6.33815.320
MinimumVisualStudioVersion = 10.0.40219.1
Project("{FAE04EC0-301F-11D3-BF4B-00C04F79EFBC}") = "Api-Crud-Dotnet-Core", "Api-Crud-Dotnet-Core\Api-Crud-Dotnet-Core.csproj", "{1920DEB0-1971-4BC4-A233-90BE42130B4B}"
EndProject
Global
	GlobalSection(SolutionConfigurationPlatforms) = preSolution
		Debug|Any CPU = Debug|Any CPU
		Release|Any CPU = Release|Any CPU
	EndGlobalSection
	GlobalSection(ProjectConfigurationPlatforms) = postSolution
		{1920DEB0-1971-4BC4-A233-90BE42130B4B}.Debug|Any CPU.ActiveCfg = Debug|Any CPU
		{1920DEB0-1971-4BC4-A233-90BE42130B4B}.Debug|Any CPU.Build.0 = Debug|Any CPU
		{1920DEB0-1971-4BC4-A233-90BE42130B4B}.Release|Any CPU.ActiveCfg = Release|Any CPU
		{1920DEB0-1971-4BC4-A233-90BE42130B4B}.Release|Any CPU.Build.0 = Release|Any CPU
	EndGlobalSection
	GlobalSection(SolutionProperties) = preSolution
		HideSolutionNode = FALSE
	EndGlobalSection
	GlobalSection(ExtensibilityGlobals) = postSolution
		SolutionGuid = {358730EC-D01E-4493-83CD-68FD223D7434}
	EndGlobalSection
EndGlobal
